<?xml version="1.0" encoding="utf-8"?>
<Project ToolsVersion="4.0" xmlns="http://schemas.microsoft.com/developer/msbuild/2003">
  <ItemGroup>
    <Filter Include="Resource Files">
      <UniqueIdentifier>{67DA6AB6-F800-4c08-8B7A-83BB121AAD01}</UniqueIdentifier>
      <Extensions>rc;ico;cur;bmp;dlg;rc2;rct;bin;rgs;gif;jpg;jpeg;jpe;resx;tiff;tif;png;wav;mfcribbon-ms</Extensions>
    </Filter>
    <Filter Include="Source">
      <UniqueIdentifier>{178a77a0-f518-4491-9bc4-1b7f9a6392f4}</UniqueIdentifier>
      <Extensions>cpp;h</Extensions>
    </Filter>
    <Filter Include="Source\Object">
      <UniqueIdentifier>{5490af23-2c0b-4d4a-93b0-95a6e73ae4af}</UniqueIdentifier>
    </Filter>
    <Filter Include="Source\NewType">
      <UniqueIdentifier>{1b387ea0-ab0d-4bbb-a462-363a005810ca}</UniqueIdentifier>
    </Filter>
    <Filter Include="Source\System">
      <UniqueIdentifier>{fb429362-b43a-4cd5-aa34-942397dcff9b}</UniqueIdentifier>
    </Filter>
    <Filter Include="Source\Scene">
      <UniqueIdentifier>{5d73b5df-6178-4656-8397-169f488f73a8}</UniqueIdentifier>
    </Filter>
    <Filter Include="Source\Box2DLite">
      <UniqueIdentifier>{92a5d470-50a8-49c2-b687-1adc84f56461}</UniqueIdentifier>
    </Filter>
    <Filter Include="Source\Object\Button">
      <UniqueIdentifier>{824df46d-74ed-47bd-b6a7-24df5a8f8962}</UniqueIdentifier>
    </Filter>
  </ItemGroup>
  <ItemGroup>
    <ClInclude Include="Win32Frame.h">
      <Filter>Source\System</Filter>
    </ClInclude>
    <ClInclude Include="Scene.h">
      <Filter>Source\Scene</Filter>
    </ClInclude>
    <ClInclude Include="GDIObject.h">
      <Filter>Source\Object</Filter>
    </ClInclude>
    <ClInclude Include="Object.h">
      <Filter>Source\Object</Filter>
    </ClInclude>
    <ClInclude Include="GDIRect.h">
      <Filter>Source\Object</Filter>
    </ClInclude>
    <ClInclude Include="InputSystem.h">
      <Filter>Source\System</Filter>
    </ClInclude>
    <ClInclude Include="OtterMath.h">
      <Filter>Source\NewType</Filter>
    </ClInclude>
    <ClInclude Include="MathUtill.h">
      <Filter>Source\NewType</Filter>
    </ClInclude>
    <ClInclude Include="GDIButton.h">
      <Filter>Source\Object\Button</Filter>
    </ClInclude>
    <ClInclude Include="ButtonManager.h">
      <Filter>Source\Object\Button</Filter>
    </ClInclude>
    <ClInclude Include="resource.h">
      <Filter>Source</Filter>
    </ClInclude>
    <ClInclude Include="BitmapObject.h">
      <Filter>Source\Object</Filter>
    </ClInclude>
    <ClInclude Include="TestScene.h">
      <Filter>Source\Scene</Filter>
    </ClInclude>
    <ClInclude Include="AnimateObject.h">
      <Filter>Source\Object</Filter>
    </ClInclude>
    <ClInclude Include="AnimationTestScene.h">
      <Filter>Source\Scene</Filter>
    </ClInclude>
    <ClInclude Include="GameBoardObject.h">
      <Filter>Source\Object</Filter>
    </ClInclude>
  </ItemGroup>
  <ItemGroup>
    <ClCompile Include="Main.cpp">
      <Filter>Source</Filter>
    </ClCompile>
    <ClCompile Include="Win32Frame.cpp">
      <Filter>Source\System</Filter>
    </ClCompile>
    <ClCompile Include="GDIObject.cpp">
      <Filter>Source\Object</Filter>
    </ClCompile>
    <ClCompile Include="Object.cpp">
      <Filter>Source\Object</Filter>
    </ClCompile>
    <ClCompile Include="GDIRect.cpp">
      <Filter>Source\Object</Filter>
    </ClCompile>
    <ClCompile Include="InputSystem.cpp">
      <Filter>Source\System</Filter>
    </ClCompile>
    <ClCompile Include="MathUtill.cpp">
      <Filter>Source\NewType</Filter>
    </ClCompile>
    <ClCompile Include="GDIButton.cpp">
      <Filter>Source\Object\Button</Filter>
    </ClCompile>
    <ClCompile Include="ButtonManager.cpp">
      <Filter>Source\Object\Button</Filter>
    </ClCompile>
    <ClCompile Include="BitmapObject.cpp">
      <Filter>Source\Object</Filter>
    </ClCompile>
    <ClCompile Include="TestScene.cpp">
      <Filter>Source\Scene</Filter>
    </ClCompile>
    <ClCompile Include="AnimateObject.cpp">
      <Filter>Source\Object</Filter>
    </ClCompile>
    <ClCompile Include="AnimationTestScene.cpp">
      <Filter>Source\Scene</Filter>
    </ClCompile>
    <ClCompile Include="GameBoardObject.cpp">
      <Filter>Source\Object</Filter>
    </ClCompile>
  </ItemGroup>
  <ItemGroup>
    <ResourceCompile Include="Resource.rc">
      <Filter>Resource Files</Filter>
    </ResourceCompile>
  </ItemGroup>
  <ItemGroup>
    <Image Include="Resource\snapshot.bmp">
      <Filter>Resource Files</Filter>
    </Image>
  </ItemGroup>
</Project>